// !$*UTF8*$!
{
	archiveVersion = 1;
	classes = {
	};
	objectVersion = 50;
	objects = {

/* Begin PBXBuildFile section */
		8C49A021246C0A74006BF45C /* AppDelegate.swift in Sources */ = {isa = PBXBuildFile; fileRef = 8C49A020246C0A74006BF45C /* AppDelegate.swift */; };
		8C49A023246C0A74006BF45C /* SceneDelegate.swift in Sources */ = {isa = PBXBuildFile; fileRef = 8C49A022246C0A74006BF45C /* SceneDelegate.swift */; };
		8C49A025246C0A74006BF45C /* ViewController.swift in Sources */ = {isa = PBXBuildFile; fileRef = 8C49A024246C0A74006BF45C /* ViewController.swift */; };
		8C49A028246C0A74006BF45C /* Main.storyboard in Resources */ = {isa = PBXBuildFile; fileRef = 8C49A026246C0A74006BF45C /* Main.storyboard */; };
		8C49A02A246C0A77006BF45C /* Assets.xcassets in Resources */ = {isa = PBXBuildFile; fileRef = 8C49A029246C0A77006BF45C /* Assets.xcassets */; };
		8C49A02D246C0A77006BF45C /* LaunchScreen.storyboard in Resources */ = {isa = PBXBuildFile; fileRef = 8C49A02B246C0A77006BF45C /* LaunchScreen.storyboard */; };
		8C49A039246C0B37006BF45C /* SmogData.swift in Sources */ = {isa = PBXBuildFile; fileRef = 8C49A038246C0B37006BF45C /* SmogData.swift */; };
		8C49A03B246C0B46006BF45C /* SmogManager.swift in Sources */ = {isa = PBXBuildFile; fileRef = 8C49A03A246C0B46006BF45C /* SmogManager.swift */; };
		8C49A03D246C0B52006BF45C /* SmogModel.swift in Sources */ = {isa = PBXBuildFile; fileRef = 8C49A03C246C0B52006BF45C /* SmogModel.swift */; };
/* End PBXBuildFile section */

/* Begin PBXFileReference section */
		8C49A01D246C0A74006BF45C /* smog.app */ = {isa = PBXFileReference; explicitFileType = wrapper.application; includeInIndex = 0; path = smog.app; sourceTree = BUILT_PRODUCTS_DIR; };
		8C49A020246C0A74006BF45C /* AppDelegate.swift */ = {isa = PBXFileReference; lastKnownFileType = sourcecode.swift; path = AppDelegate.swift; sourceTree = "<group>"; };
		8C49A022246C0A74006BF45C /* SceneDelegate.swift */ = {isa = PBXFileReference; lastKnownFileType = sourcecode.swift; path = SceneDelegate.swift; sourceTree = "<group>"; };
		8C49A024246C0A74006BF45C /* ViewController.swift */ = {isa = PBXFileReference; lastKnownFileType = sourcecode.swift; path = ViewController.swift; sourceTree = "<group>"; };
		8C49A027246C0A74006BF45C /* Base */ = {isa = PBXFileReference; lastKnownFileType = file.storyboard; name = Base; path = Base.lproj/Main.storyboard; sourceTree = "<group>"; };
		8C49A029246C0A77006BF45C /* Assets.xcassets */ = {isa = PBXFileReference; lastKnownFileType = folder.assetcatalog; path = Assets.xcassets; sourceTree = "<group>"; };
		8C49A02C246C0A77006BF45C /* Base */ = {isa = PBXFileReference; lastKnownFileType = file.storyboard; name = Base; path = Base.lproj/LaunchScreen.storyboard; sourceTree = "<group>"; };
		8C49A02E246C0A77006BF45C /* Info.plist */ = {isa = PBXFileReference; lastKnownFileType = text.plist.xml; path = Info.plist; sourceTree = "<group>"; };
		8C49A038246C0B37006BF45C /* SmogData.swift */ = {isa = PBXFileReference; lastKnownFileType = sourcecode.swift; path = SmogData.swift; sourceTree = "<group>"; };
		8C49A03A246C0B46006BF45C /* SmogManager.swift */ = {isa = PBXFileReference; lastKnownFileType = sourcecode.swift; path = SmogManager.swift; sourceTree = "<group>"; };
		8C49A03C246C0B52006BF45C /* SmogModel.swift */ = {isa = PBXFileReference; lastKnownFileType = sourcecode.swift; path = SmogModel.swift; sourceTree = "<group>"; };
/* End PBXFileReference section */

/* Begin PBXFrameworksBuildPhase section */
		8C49A01A246C0A74006BF45C /* Frameworks */ = {
			isa = PBXFrameworksBuildPhase;
			buildActionMask = 2147483647;
			files = (
			);
			runOnlyForDeploymentPostprocessing = 0;
		};
/* End PBXFrameworksBuildPhase section */

/* Begin PBXGroup section */
		8C49A014246C0A74006BF45C = {
			isa = PBXGroup;
			children = (
				8C49A01F246C0A74006BF45C /* smog */,
				8C49A01E246C0A74006BF45C /* Products */,
			);
			sourceTree = "<group>";
		};
		8C49A01E246C0A74006BF45C /* Products */ = {
			isa = PBXGroup;
			children = (
				8C49A01D246C0A74006BF45C /* smog.app */,
			);
			name = Products;
			sourceTree = "<group>";
		};
		8C49A01F246C0A74006BF45C /* smog */ = {
			isa = PBXGroup;
			children = (
				8C49A036246C0AC4006BF45C /* Model */,
				8C49A035246C0ABE006BF45C /* View */,
				8C49A034246C0AB3006BF45C /* Controller */,
				8C49A020246C0A74006BF45C /* AppDelegate.swift */,
				8C49A022246C0A74006BF45C /* SceneDelegate.swift */,
				8C49A029246C0A77006BF45C /* Assets.xcassets */,
				8C49A02B246C0A77006BF45C /* LaunchScreen.storyboard */,
				8C49A02E246C0A77006BF45C /* Info.plist */,
			);
			path = smog;
			sourceTree = "<group>";
		};
		8C49A034246C0AB3006BF45C /* Controller */ = {
			isa = PBXGroup;
			children = (
				8C49A024246C0A74006BF45C /* ViewController.swift */,
			);
			path = Controller;
			sourceTree = "<group>";
		};
		8C49A035246C0ABE006BF45C /* View */ = {
			isa = PBXGroup;
			children = (
				8C49A026246C0A74006BF45C /* Main.storyboard */,
			);
			path = View;
			sourceTree = "<group>";
		};
		8C49A036246C0AC4006BF45C /* Model */ = {
			isa = PBXGroup;
			children = (
				8C49A03A246C0B46006BF45C /* SmogManager.swift */,
				8C49A038246C0B37006BF45C /* SmogData.swift */,
				8C49A03C246C0B52006BF45C /* SmogModel.swift */,
			);
			path = Model;
			sourceTree = "<group>";
		};
/* End PBXGroup section */

/* Begin PBXNativeTarget section */
		8C49A01C246C0A74006BF45C /* smog */ = {
			isa = PBXNativeTarget;
			buildConfigurationList = 8C49A031246C0A77006BF45C /* Build configuration list for PBXNativeTarget "smog" */;
			buildPhases = (
				8C49A019246C0A74006BF45C /* Sources */,
				8C49A01A246C0A74006BF45C /* Frameworks */,
				8C49A01B246C0A74006BF45C /* Resources */,
			);
			buildRules = (
			);
			dependencies = (
			);
			name = smog;
			productName = smog;
			productReference = 8C49A01D246C0A74006BF45C /* smog.app */;
			productType = "com.apple.product-type.application";
		};
/* End PBXNativeTarget section */

/* Begin PBXProject section */
		8C49A015246C0A74006BF45C /* Project object */ = {
			isa = PBXProject;
			attributes = {
				LastSwiftUpdateCheck = 1140;
				LastUpgradeCheck = 1140;
				ORGANIZATIONNAME = "Kuba ";
				TargetAttributes = {
					8C49A01C246C0A74006BF45C = {
						CreatedOnToolsVersion = 11.4.1;
					};
				};
			};
			buildConfigurationList = 8C49A018246C0A74006BF45C /* Build configuration list for PBXProject "smog" */;
			compatibilityVersion = "Xcode 9.3";
			developmentRegion = en;
			hasScannedForEncodings = 0;
			knownRegions = (
				en,
				Base,
			);
			mainGroup = 8C49A014246C0A74006BF45C;
			productRefGroup = 8C49A01E246C0A74006BF45C /* Products */;
			projectDirPath = "";
			projectRoot = "";
			targets = (
				8C49A01C246C0A74006BF45C /* smog */,
			);
		};
/* End PBXProject section */

/* Begin PBXResourcesBuildPhase section */
		8C49A01B246C0A74006BF45C /* Resources */ = {
			isa = PBXResourcesBuildPhase;
			buildActionMask = 2147483647;
			files = (
				8C49A02D246C0A77006BF45C /* LaunchScreen.storyboard in Resources */,
				8C49A02A246C0A77006BF45C /* Assets.xcassets in Resources */,
				8C49A028246C0A74006BF45C /* Main.storyboard in Resources */,
			);
			runOnlyForDeploymentPostprocessing = 0;
		};
/* End PBXResourcesBuildPhase section */

/* Begin PBXSourcesBuildPhase section */
		8C49A019246C0A74006BF45C /* Sources */ = {
			isa = PBXSourcesBuildPhase;
			buildActionMask = 2147483647;
			files = (
				8C49A025246C0A74006BF45C /* ViewController.swift in Sources */,
				8C49A039246C0B37006BF45C /* SmogData.swift in Sources */,
				8C49A021246C0A74006BF45C /* AppDelegate.swift in Sources */,
				8C49A03D246C0B52006BF45C /* SmogModel.swift in Sources */,
				8C49A023246C0A74006BF45C /* SceneDelegate.swift in Sources */,
				8C49A03B246C0B46006BF45C /* SmogManager.swift in Sources */,
			);
			runOnlyForDeploymentPostprocessing = 0;
		};
/* End PBXSourcesBuildPhase section */

/* Begin PBXVariantGroup section */
		8C49A026246C0A74006BF45C /* Main.storyboard */ = {
			isa = PBXVariantGroup;
			children = (
				8C49A027246C0A74006BF45C /* Base */,
			);
			name = Main.storyboard;
			sourceTree = "<group>";
		};
		8C49A02B246C0A77006BF45C /* LaunchScreen.storyboard */ = {
			isa = PBXVariantGroup;
			children = (
				8C49A02C246C0A77006BF45C /* Base */,
			);
			name = LaunchScreen.storyboard;
			sourceTree = "<group>";
		};
/* End PBXVariantGroup section */

/* Begin XCBuildConfiguration section */
		8C49A02F246C0A77006BF45C /* Debug */ = {
			isa = XCBuildConfiguration;
			buildSettings = {
				ALWAYS_SEARCH_USER_PATHS = NO;
				CLANG_ANALYZER_NONNULL = YES;
				CLANG_ANALYZER_NUMBER_OBJECT_CONVERSION = YES_AGGRESSIVE;
				CLANG_CXX_LANGUAGE_STANDARD = "gnu++14";
				CLANG_CXX_LIBRARY = "libc++";
				CLANG_ENABLE_MODULES = YES;
				CLANG_ENABLE_OBJC_ARC = YES;
				CLANG_ENABLE_OBJC_WEAK = YES;
				CLANG_WARN_BLOCK_CAPTURE_AUTORELEASING = YES;
				CLANG_WARN_BOOL_CONVERSION = YES;
				CLANG_WARN_COMMA = YES;
				CLANG_WARN_CONSTANT_CONVERSION = YES;
				CLANG_WARN_DEPRECATED_OBJC_IMPLEMENTATIONS = YES;
				CLANG_WARN_DIRECT_OBJC_ISA_USAGE = YES_ERROR;
				CLANG_WARN_DOCUMENTATION_COMMENTS = YES;
				CLANG_WARN_EMPTY_BODY = YES;
				CLANG_WARN_ENUM_CONVERSION = YES;
				CLANG_WARN_INFINITE_RECURSION = YES;
				CLANG_WARN_INT_CONVERSION = YES;
				CLANG_WARN_NON_LITERAL_NULL_CONVERSION = YES;
				CLANG_WARN_OBJC_IMPLICIT_RETAIN_SELF = YES;
				CLANG_WARN_OBJC_LITERAL_CONVERSION = YES;
				CLANG_WARN_OBJC_ROOT_CLASS = YES_ERROR;
				CLANG_WARN_RANGE_LOOP_ANALYSIS = YES;
				CLANG_WARN_STRICT_PROTOTYPES = YES;
				CLANG_WARN_SUSPICIOUS_MOVE = YES;
				CLANG_WARN_UNGUARDED_AVAILABILITY = YES_AGGRESSIVE;
				CLANG_WARN_UNREACHABLE_CODE = YES;
				CLANG_WARN__DUPLICATE_METHOD_MATCH = YES;
				COPY_PHASE_STRIP = NO;
				DEBUG_INFORMATION_FORMAT = dwarf;
				ENABLE_STRICT_OBJC_MSGSEND = YES;
				ENABLE_TESTABILITY = YES;
				GCC_C_LANGUAGE_STANDARD = gnu11;
				GCC_DYNAMIC_NO_PIC = NO;
				GCC_NO_COMMON_BLOCKS = YES;
				GCC_OPTIMIZATION_LEVEL = 0;
				GCC_PREPROCESSOR_DEFINITIONS = (
					"DEBUG=1",
					"$(inherited)",
				);
				GCC_WARN_64_TO_32_BIT_CONVERSION = YES;
				GCC_WARN_ABOUT_RETURN_TYPE = YES_ERROR;
				GCC_WARN_UNDECLARED_SELECTOR = YES;
				GCC_WARN_UNINITIALIZED_AUTOS = YES_AGGRESSIVE;
				GCC_WARN_UNUSED_FUNCTION = YES;
				GCC_WARN_UNUSED_VARIABLE = YES;
				IPHONEOS_DEPLOYMENT_TARGET = 13.4;
				MTL_ENABLE_DEBUG_INFO = INCLUDE_SOURCE;
				MTL_FAST_MATH = YES;
				ONLY_ACTIVE_ARCH = YES;
				SDKROOT = iphoneos;
				SWIFT_ACTIVE_COMPILATION_CONDITIONS = DEBUG;
				SWIFT_OPTIMIZATION_LEVEL = "-Onone";
			};
			name = Debug;
		};
		8C49A030246C0A77006BF45C /* Release */ = {
			isa = XCBuildConfiguration;
			buildSettings = {
				ALWAYS_SEARCH_USER_PATHS = NO;
				CLANG_ANALYZER_NONNULL = YES;
				CLANG_ANALYZER_NUMBER_OBJECT_CONVERSION = YES_AGGRESSIVE;
				CLANG_CXX_LANGUAGE_STANDARD = "gnu++14";
				CLANG_CXX_LIBRARY = "libc++";
				CLANG_ENABLE_MODULES = YES;
				CLANG_ENABLE_OBJC_ARC = YES;
				CLANG_ENABLE_OBJC_WEAK = YES;
				CLANG_WARN_BLOCK_CAPTURE_AUTORELEASING = YES;
				CLANG_WARN_BOOL_CONVERSION = YES;
				CLANG_WARN_COMMA = YES;
				CLANG_WARN_CONSTANT_CONVERSION = YES;
				CLANG_WARN_DEPRECATED_OBJC_IMPLEMENTATIONS = YES;
				CLANG_WARN_DIRECT_OBJC_ISA_USAGE = YES_ERROR;
				CLANG_WARN_DOCUMENTATION_COMMENTS = YES;
				CLANG_WARN_EMPTY_BODY = YES;
				CLANG_WARN_ENUM_CONVERSION = YES;
				CLANG_WARN_INFINITE_RECURSION = YES;
				CLANG_WARN_INT_CONVERSION = YES;
				CLANG_WARN_NON_LITERAL_NULL_CONVERSION = YES;
				CLANG_WARN_OBJC_IMPLICIT_RETAIN_SELF = YES;
				CLANG_WARN_OBJC_LITERAL_CONVERSION = YES;
				CLANG_WARN_OBJC_ROOT_CLASS = YES_ERROR;
				CLANG_WARN_RANGE_LOOP_ANALYSIS = YES;
				CLANG_WARN_STRICT_PROTOTYPES = YES;
				CLANG_WARN_SUSPICIOUS_MOVE = YES;
				CLANG_WARN_UNGUARDED_AVAILABILITY = YES_AGGRESSIVE;
				CLANG_WARN_UNREACHABLE_CODE = YES;
				CLANG_WARN__DUPLICATE_METHOD_MATCH = YES;
				COPY_PHASE_STRIP = NO;
				DEBUG_INFORMATION_FORMAT = "dwarf-with-dsym";
				ENABLE_NS_ASSERTIONS = NO;
				ENABLE_STRICT_OBJC_MSGSEND = YES;
				GCC_C_LANGUAGE_STANDARD = gnu11;
				GCC_NO_COMMON_BLOCKS = YES;
				GCC_WARN_64_TO_32_BIT_CONVERSION = YES;
				GCC_WARN_ABOUT_RETURN_TYPE = YES_ERROR;
				GCC_WARN_UNDECLARED_SELECTOR = YES;
				GCC_WARN_UNINITIALIZED_AUTOS = YES_AGGRESSIVE;
				GCC_WARN_UNUSED_FUNCTION = YES;
				GCC_WARN_UNUSED_VARIABLE = YES;
				IPHONEOS_DEPLOYMENT_TARGET = 13.4;
				MTL_ENABLE_DEBUG_INFO = NO;
				MTL_FAST_MATH = YES;
				SDKROOT = iphoneos;
				SWIFT_COMPILATION_MODE = wholemodule;
				SWIFT_OPTIMIZATION_LEVEL = "-O";
				VALIDATE_PRODUCT = YES;
			};
			name = Release;
		};
		8C49A032246C0A77006BF45C /* Debug */ = {
			isa = XCBuildConfiguration;
			buildSettings = {
				ASSETCATALOG_COMPILER_APPICON_NAME = AppIcon;
				CODE_SIGN_STYLE = Automatic;
				INFOPLIST_FILE = smog/Info.plist;
				LD_RUNPATH_SEARCH_PATHS = (
					"$(inherited)",
					"@executable_path/Frameworks",
				);
				PRODUCT_BUNDLE_IDENTIFIER = new.smog;
				PRODUCT_NAME = "$(TARGET_NAME)";
				SWIFT_VERSION = 5.0;
				TARGETED_DEVICE_FAMILY = "1,2";
			};
			name = Debug;
		};
		8C49A033246C0A77006BF45C /* Release */ = {
			isa = XCBuildConfiguration;
			buildSettings = {
				ASSETCATALOG_COMPILER_APPICON_NAME = AppIcon;
				CODE_SIGN_STYLE = Automatic;
				INFOPLIST_FILE = smog/Info.plist;
				LD_RUNPATH_SEARCH_PATHS = (
					"$(inherited)",
					"@executable_path/Frameworks",
				);
				PRODUCT_BUNDLE_IDENTIFIER = new.smog;
				PRODUCT_NAME = "$(TARGET_NAME)";
				SWIFT_VERSION = 5.0;
				TARGETED_DEVICE_FAMILY = "1,2";
			};
			name = Release;
		};
/* End XCBuildConfiguration section */

/* Begin XCConfigurationList section */
		8C49A018246C0A74006BF45C /* Build configuration list for PBXProject "smog" */ = {
			isa = XCConfigurationList;
			buildConfigurations = (
				8C49A02F246C0A77006BF45C /* Debug */,
				8C49A030246C0A77006BF45C /* Release */,
			);
			defaultConfigurationIsVisible = 0;
			defaultConfigurationName = Release;
		};
		8C49A031246C0A77006BF45C /* Build configuration list for PBXNativeTarget "smog" */ = {
			isa = XCConfigurationList;
			buildConfigurations = (
				8C49A032246C0A77006BF45C /* Debug */,
				8C49A033246C0A77006BF45C /* Release */,
			);
			defaultConfigurationIsVisible = 0;
			defaultConfigurationName = Release;
		};
/* End XCConfigurationList section */
	};
	rootObject = 8C49A015246C0A74006BF45C /* Project object */;
}
